
Microsoft Visual Studio Solution File, Format Version 12.00
# Visual Studio Version 16
VisualStudioVersion = 16.0.32106.194
MinimumVisualStudioVersion = 10.0.40219.1
Project("{159641D6-6404-4A2A-AE62-294DE0FE8301}") = "Fact_dim_ETL", "Fact_dim_ETL.dtproj", "{2A2E7439-C201-421C-B662-B63DB294B997}"
EndProject
Global
	GlobalSection(SolutionConfigurationPlatforms) = preSolution
		Development|Default = Development|Default
	EndGlobalSection
	GlobalSection(ProjectConfigurationPlatforms) = postSolution
		{2A2E7439-C201-421C-B662-B63DB294B997}.Development|Default.ActiveCfg = Development
		{2A2E7439-C201-421C-B662-B63DB294B997}.Development|Default.Build.0 = Development
	EndGlobalSection
	GlobalSection(SolutionProperties) = preSolution
		HideSolutionNode = FALSE
	EndGlobalSection
	GlobalSection(ExtensibilityGlobals) = postSolution
		SolutionGuid = {D5AB0B1E-C53D-4440-97E6-3C3C9EE9704E}
	EndGlobalSection
EndGlobal
